// !$*UTF8*$!
{
	archiveVersion = 1;
	classes = {
	};
	objectVersion = 56;
	objects = {

/* Begin PBXBuildFile section */
		DD1111111111111111111111 /* WorkoutAppApp.swift in Sources */ = {isa = PBXBuildFile; fileRef = BB1111111111111111111111 /* WorkoutAppApp.swift */; };
		DD2222222222222222222222 /* ContentView.swift in Sources */ = {isa = PBXBuildFile; fileRef = BB2222222222222222222222 /* ContentView.swift */; };
		DD3333333333333333333333 /* UserProfile.swift in Sources */ = {isa = PBXBuildFile; fileRef = BB3333333333333333333333 /* UserProfile.swift */; };
		DD4444444444444444444444 /* CachedPlan.swift in Sources */ = {isa = PBXBuildFile; fileRef = BB4444444444444444444444 /* CachedPlan.swift */; };
		DD5555555555555555555555 /* CompletedWorkout.swift in Sources */ = {isa = PBXBuildFile; fileRef = BB5555555555555555555555 /* CompletedWorkout.swift */; };
		DD6666666666666666666666 /* WorkoutAPIClient.swift in Sources */ = {isa = PBXBuildFile; fileRef = BB6666666666666666666666 /* WorkoutAPIClient.swift */; };
		DD7777777777777777777777 /* WorkoutModels.swift in Sources */ = {isa = PBXBuildFile; fileRef = BB7777777777777777777777 /* WorkoutModels.swift */; };
		DD8888888888888888888888 /* WorkoutScheduler.swift in Sources */ = {isa = PBXBuildFile; fileRef = BB8888888888888888888888 /* WorkoutScheduler.swift */; };
		DD9999999999999999999999 /* PlanView.swift in Sources */ = {isa = PBXBuildFile; fileRef = BB9999999999999999999999 /* PlanView.swift */; };
		DDDDDDDDDDDDDDDDDDDDDD11 /* MicrocycleDetailView.swift in Sources */ = {isa = PBXBuildFile; fileRef = BBBBBBBBBBBBBBBBBBBBBB11 /* MicrocycleDetailView.swift */; };
		DDDDDDDDDDDDDDDDDDDDDD22 /* NextWorkoutView.swift in Sources */ = {isa = PBXBuildFile; fileRef = BBBBBBBBBBBBBBBBBBBBBB22 /* NextWorkoutView.swift */; };
		DDDDDDDDDDDDDDDDDDDDDD33 /* ActiveWorkoutView.swift in Sources */ = {isa = PBXBuildFile; fileRef = BBBBBBBBBBBBBBBBBBBBBB33 /* ActiveWorkoutView.swift */; };
		DDDDDDDDDDDDDDDDDDDDDD44 /* HistoryListView.swift in Sources */ = {isa = PBXBuildFile; fileRef = BBBBBBBBBBBBBBBBBBBBBB44 /* HistoryListView.swift */; };
		DDDDDDDDDDDDDDDDDDDDDD55 /* WorkoutDetailView.swift in Sources */ = {isa = PBXBuildFile; fileRef = BBBBBBBBBBBBBBBBBBBBBB55 /* WorkoutDetailView.swift */; };
		DDDDDDDDDDDDDDDDDDDDDD66 /* WorkoutSchedulerTests.swift in Sources */ = {isa = PBXBuildFile; fileRef = BBBBBBBBBBBBBBBBBBBBBB66 /* WorkoutSchedulerTests.swift */; };
		DDDDDDDDDDDDDDDDDDDDDD77 /* Assets.xcassets in Resources */ = {isa = PBXBuildFile; fileRef = BBBBBBBBBBBBBBBBBBBBBB77 /* Assets.xcassets */; };
/* End PBXBuildFile section */

/* Begin PBXFileReference section */
		BB1111111111111111111111 /* WorkoutAppApp.swift */ = {isa = PBXFileReference; lastKnownFileType = sourcecode.swift; path = WorkoutAppApp.swift; sourceTree = "<group>"; };
		BB2222222222222222222222 /* ContentView.swift */ = {isa = PBXFileReference; lastKnownFileType = sourcecode.swift; path = ContentView.swift; sourceTree = "<group>"; };
		BB3333333333333333333333 /* UserProfile.swift */ = {isa = PBXFileReference; lastKnownFileType = sourcecode.swift; path = UserProfile.swift; sourceTree = "<group>"; };
		BB4444444444444444444444 /* CachedPlan.swift */ = {isa = PBXFileReference; lastKnownFileType = sourcecode.swift; path = CachedPlan.swift; sourceTree = "<group>"; };
		BB5555555555555555555555 /* CompletedWorkout.swift */ = {isa = PBXFileReference; lastKnownFileType = sourcecode.swift; path = CompletedWorkout.swift; sourceTree = "<group>"; };
		BB6666666666666666666666 /* WorkoutAPIClient.swift */ = {isa = PBXFileReference; lastKnownFileType = sourcecode.swift; path = WorkoutAPIClient.swift; sourceTree = "<group>"; };
		BB7777777777777777777777 /* WorkoutModels.swift */ = {isa = PBXFileReference; lastKnownFileType = sourcecode.swift; path = WorkoutModels.swift; sourceTree = "<group>"; };
		BB8888888888888888888888 /* WorkoutScheduler.swift */ = {isa = PBXFileReference; lastKnownFileType = sourcecode.swift; path = WorkoutScheduler.swift; sourceTree = "<group>"; };
		BB9999999999999999999999 /* PlanView.swift */ = {isa = PBXFileReference; lastKnownFileType = sourcecode.swift; path = PlanView.swift; sourceTree = "<group>"; };
		BBBBBBBBBBBBBBBBBBBBBB11 /* MicrocycleDetailView.swift */ = {isa = PBXFileReference; lastKnownFileType = sourcecode.swift; path = MicrocycleDetailView.swift; sourceTree = "<group>"; };
		BBBBBBBBBBBBBBBBBBBBBB22 /* NextWorkoutView.swift */ = {isa = PBXFileReference; lastKnownFileType = sourcecode.swift; path = NextWorkoutView.swift; sourceTree = "<group>"; };
		BBBBBBBBBBBBBBBBBBBBBB33 /* ActiveWorkoutView.swift */ = {isa = PBXFileReference; lastKnownFileType = sourcecode.swift; path = ActiveWorkoutView.swift; sourceTree = "<group>"; };
		BBBBBBBBBBBBBBBBBBBBBB44 /* HistoryListView.swift */ = {isa = PBXFileReference; lastKnownFileType = sourcecode.swift; path = HistoryListView.swift; sourceTree = "<group>"; };
		BBBBBBBBBBBBBBBBBBBBBB55 /* WorkoutDetailView.swift */ = {isa = PBXFileReference; lastKnownFileType = sourcecode.swift; path = WorkoutDetailView.swift; sourceTree = "<group>"; };
		BBBBBBBBBBBBBBBBBBBBBB66 /* WorkoutSchedulerTests.swift */ = {isa = PBXFileReference; lastKnownFileType = sourcecode.swift; path = WorkoutSchedulerTests.swift; sourceTree = "<group>"; };
		BBBBBBBBBBBBBBBBBBBBBB77 /* Assets.xcassets */ = {isa = PBXFileReference; lastKnownFileType = folder.assetcatalog; path = Assets.xcassets; sourceTree = "<group>"; };
		CC1111111111111111111111 /* WorkoutApp.app */ = {isa = PBXFileReference; explicitFileType = wrapper.application; includeInIndex = 0; path = WorkoutApp.app; sourceTree = BUILT_PRODUCTS_DIR; };
		CC2222222222222222222222 /* WorkoutAppTests.xctest */ = {isa = PBXFileReference; explicitFileType = wrapper.cfbundle; includeInIndex = 0; path = WorkoutAppTests.xctest; sourceTree = BUILT_PRODUCTS_DIR; };
/* End PBXFileReference section */

/* Begin PBXFrameworksBuildPhase section */
		CC6666666666666666666666 /* Frameworks */ = {
			isa = PBXFrameworksBuildPhase;
			buildActionMask = 2147483647;
			files = (
			);
			runOnlyForDeploymentPostprocessing = 0;
		};
		CC9999999999999999999999 /* Frameworks */ = {
			isa = PBXFrameworksBuildPhase;
			buildActionMask = 2147483647;
			files = (
			);
			runOnlyForDeploymentPostprocessing = 0;
		};
/* End PBXFrameworksBuildPhase section */

/* Begin PBXGroup section */
		AA2222222222222222222222 = {
			isa = PBXGroup;
			children = (
				AA4444444444444444444444 /* WorkoutApp */,
				AAAAAAAAAAAAAAAAAAAAAAAA33 /* WorkoutAppTests */,
				AA3333333333333333333333 /* Products */,
			);
			sourceTree = "<group>";
		};
		AA3333333333333333333333 /* Products */ = {
			isa = PBXGroup;
			children = (
				CC1111111111111111111111 /* WorkoutApp.app */,
				CC2222222222222222222222 /* WorkoutAppTests.xctest */,
			);
			name = Products;
			sourceTree = "<group>";
		};
		AA4444444444444444444444 /* WorkoutApp */ = {
			isa = PBXGroup;
			children = (
				BB1111111111111111111111 /* WorkoutAppApp.swift */,
				BB2222222222222222222222 /* ContentView.swift */,
				AA5555555555555555555555 /* Models */,
				AA6666666666666666666666 /* Networking */,
				AA7777777777777777777777 /* Logic */,
				AA8888888888888888888888 /* Views */,
				AAAAAAAAAAAAAAAAAAAAAAAA44 /* Resources */,
			);
			path = WorkoutApp;
			sourceTree = "<group>";
		};
		AA5555555555555555555555 /* Models */ = {
			isa = PBXGroup;
			children = (
				BB3333333333333333333333 /* UserProfile.swift */,
				BB4444444444444444444444 /* CachedPlan.swift */,
				BB5555555555555555555555 /* CompletedWorkout.swift */,
			);
			path = Models;
			sourceTree = "<group>";
		};
		AA6666666666666666666666 /* Networking */ = {
			isa = PBXGroup;
			children = (
				BB6666666666666666666666 /* WorkoutAPIClient.swift */,
				BB7777777777777777777777 /* WorkoutModels.swift */,
			);
			path = Networking;
			sourceTree = "<group>";
		};
		AA7777777777777777777777 /* Logic */ = {
			isa = PBXGroup;
			children = (
				BB8888888888888888888888 /* WorkoutScheduler.swift */,
			);
			path = Logic;
			sourceTree = "<group>";
		};
		AA8888888888888888888888 /* Views */ = {
			isa = PBXGroup;
			children = (
				AA9999999999999999999999 /* Plan */,
				AAAAAAAAAAAAAAAAAAAAAAAA11 /* Workout */,
				AAAAAAAAAAAAAAAAAAAAAAAA22 /* History */,
			);
			path = Views;
			sourceTree = "<group>";
		};
		AA9999999999999999999999 /* Plan */ = {
			isa = PBXGroup;
			children = (
				BB9999999999999999999999 /* PlanView.swift */,
				BBBBBBBBBBBBBBBBBBBBBB11 /* MicrocycleDetailView.swift */,
			);
			path = Plan;
			sourceTree = "<group>";
		};
		AAAAAAAAAAAAAAAAAAAAAAAA11 /* Workout */ = {
			isa = PBXGroup;
			children = (
				BBBBBBBBBBBBBBBBBBBBBB22 /* NextWorkoutView.swift */,
				BBBBBBBBBBBBBBBBBBBBBB33 /* ActiveWorkoutView.swift */,
			);
			path = Workout;
			sourceTree = "<group>";
		};
		AAAAAAAAAAAAAAAAAAAAAAAA22 /* History */ = {
			isa = PBXGroup;
			children = (
				BBBBBBBBBBBBBBBBBBBBBB44 /* HistoryListView.swift */,
				BBBBBBBBBBBBBBBBBBBBBB55 /* WorkoutDetailView.swift */,
			);
			path = History;
			sourceTree = "<group>";
		};
		AAAAAAAAAAAAAAAAAAAAAAAA33 /* WorkoutAppTests */ = {
			isa = PBXGroup;
			children = (
				BBBBBBBBBBBBBBBBBBBBBB66 /* WorkoutSchedulerTests.swift */,
			);
			path = WorkoutAppTests;
			sourceTree = "<group>";
		};
		AAAAAAAAAAAAAAAAAAAAAAAA44 /* Resources */ = {
			isa = PBXGroup;
			children = (
				BBBBBBBBBBBBBBBBBBBBBB77 /* Assets.xcassets */,
			);
			path = Resources;
			sourceTree = "<group>";
		};
/* End PBXGroup section */

/* Begin PBXNativeTarget section */
		CC3333333333333333333333 /* WorkoutApp */ = {
			isa = PBXNativeTarget;
			buildConfigurationList = EE2222222222222222222222 /* Build configuration list for PBXNativeTarget "WorkoutApp" */;
			buildPhases = (
				CC5555555555555555555555 /* Sources */,
				CC6666666666666666666666 /* Frameworks */,
				CC7777777777777777777777 /* Resources */,
			);
			buildRules = (
			);
			dependencies = (
			);
			name = WorkoutApp;
			productName = WorkoutApp;
			productReference = CC1111111111111111111111 /* WorkoutApp.app */;
			productType = "com.apple.product-type.application";
		};
		CC4444444444444444444444 /* WorkoutAppTests */ = {
			isa = PBXNativeTarget;
			buildConfigurationList = EE3333333333333333333333 /* Build configuration list for PBXNativeTarget "WorkoutAppTests" */;
			buildPhases = (
				CC8888888888888888888888 /* Sources */,
				CC9999999999999999999999 /* Frameworks */,
			);
			buildRules = (
			);
			dependencies = (
			);
			name = WorkoutAppTests;
			productName = WorkoutAppTests;
			productReference = CC2222222222222222222222 /* WorkoutAppTests.xctest */;
			productType = "com.apple.product-type.bundle.unit-test";
		};
/* End PBXNativeTarget section */

/* Begin PBXProject section */
		AA1111111111111111111111 /* Project object */ = {
			isa = PBXProject;
			attributes = {
				BuildIndependentTargetsInParallel = 1;
				LastSwiftUpdateCheck = 1500;
				LastUpgradeCheck = 1500;
				TargetAttributes = {
					CC3333333333333333333333 = {
						CreatedOnToolsVersion = 15.0;
					};
					CC4444444444444444444444 = {
						CreatedOnToolsVersion = 15.0;
						TestTargetID = CC3333333333333333333333;
					};
				};
			};
			buildConfigurationList = EE1111111111111111111111 /* Build configuration list for PBXProject "WorkoutApp" */;
			compatibilityVersion = "Xcode 14.0";
			developmentRegion = en;
			hasScannedForEncodings = 0;
			knownRegions = (
				en,
				Base,
			);
			mainGroup = AA2222222222222222222222;
			productRefGroup = AA3333333333333333333333 /* Products */;
			projectDirPath = "";
			projectRoot = "";
			targets = (
				CC3333333333333333333333 /* WorkoutApp */,
				CC4444444444444444444444 /* WorkoutAppTests */,
			);
		};
/* End PBXProject section */

/* Begin PBXResourcesBuildPhase section */
		CC7777777777777777777777 /* Resources */ = {
			isa = PBXResourcesBuildPhase;
			buildActionMask = 2147483647;
			files = (
				DDDDDDDDDDDDDDDDDDDDDD77 /* Assets.xcassets in Resources */,
			);
			runOnlyForDeploymentPostprocessing = 0;
		};
/* End PBXResourcesBuildPhase section */

/* Begin PBXSourcesBuildPhase section */
		CC5555555555555555555555 /* Sources */ = {
			isa = PBXSourcesBuildPhase;
			buildActionMask = 2147483647;
			files = (
				DD1111111111111111111111 /* WorkoutAppApp.swift in Sources */,
				DD2222222222222222222222 /* ContentView.swift in Sources */,
				DD3333333333333333333333 /* UserProfile.swift in Sources */,
				DD4444444444444444444444 /* CachedPlan.swift in Sources */,
				DD5555555555555555555555 /* CompletedWorkout.swift in Sources */,
				DD6666666666666666666666 /* WorkoutAPIClient.swift in Sources */,
				DD7777777777777777777777 /* WorkoutModels.swift in Sources */,
				DD8888888888888888888888 /* WorkoutScheduler.swift in Sources */,
				DD9999999999999999999999 /* PlanView.swift in Sources */,
				DDDDDDDDDDDDDDDDDDDDDD11 /* MicrocycleDetailView.swift in Sources */,
				DDDDDDDDDDDDDDDDDDDDDD22 /* NextWorkoutView.swift in Sources */,
				DDDDDDDDDDDDDDDDDDDDDD33 /* ActiveWorkoutView.swift in Sources */,
				DDDDDDDDDDDDDDDDDDDDDD44 /* HistoryListView.swift in Sources */,
				DDDDDDDDDDDDDDDDDDDDDD55 /* WorkoutDetailView.swift in Sources */,
			);
			runOnlyForDeploymentPostprocessing = 0;
		};
		CC8888888888888888888888 /* Sources */ = {
			isa = PBXSourcesBuildPhase;
			buildActionMask = 2147483647;
			files = (
				DDDDDDDDDDDDDDDDDDDDDD66 /* WorkoutSchedulerTests.swift in Sources */,
			);
			runOnlyForDeploymentPostprocessing = 0;
		};
/* End PBXSourcesBuildPhase section */

/* Begin XCBuildConfiguration section */
		EE4444444444444444444444 /* Debug */ = {
			isa = XCBuildConfiguration;
			buildSettings = {
				ALWAYS_SEARCH_USER_PATHS = NO;
				CLANG_ANALYZER_NONNULL = YES;
				CLANG_ANALYZER_NUMBER_OBJECT_CONVERSION = YES_AGGRESSIVE;
				CLANG_CXX_LANGUAGE_STANDARD = "gnu++20";
				CLANG_ENABLE_MODULES = YES;
				CLANG_ENABLE_OBJC_ARC = YES;
				CLANG_ENABLE_OBJC_WEAK = YES;
				CLANG_WARN_BLOCK_CAPTURE_AUTORELEASING = YES;
				CLANG_WARN_BOOL_CONVERSION = YES;
				CLANG_WARN_COMMA = YES;
				CLANG_WARN_CONSTANT_CONVERSION = YES;
				CLANG_WARN_DEPRECATED_OBJC_IMPLEMENTATIONS = YES;
				CLANG_WARN_DIRECT_OBJC_ISA_USAGE = YES_ERROR;
				CLANG_WARN_DOCUMENTATION_COMMENTS = YES;
				CLANG_WARN_EMPTY_BODY = YES;
				CLANG_WARN_ENUM_CONVERSION = YES;
				CLANG_WARN_INFINITE_RECURSION = YES;
				CLANG_WARN_INT_CONVERSION = YES;
				CLANG_WARN_NON_LITERAL_NULL_CONVERSION = YES;
				CLANG_WARN_OBJC_IMPLICIT_RETAIN_CYCLE = YES;
				CLANG_WARN_OBJC_LITERAL_CONVERSION = YES;
				CLANG_WARN_OBJC_ROOT_CLASS = YES_ERROR;
				CLANG_WARN_QUOTED_INCLUDE_IN_FRAMEWORK_HEADER = YES;
				CLANG_WARN_RANGE_LOOP_ANALYSIS = YES;
				CLANG_WARN_STRICT_PROTOTYPES = YES;
				CLANG_WARN_SUSPICIOUS_MOVE = YES;
				CLANG_WARN_UNGUARDED_AVAILABILITY = YES_AGGRESSIVE;
				CLANG_WARN_UNREACHABLE_CODE = YES;
				CLANG_WARN__DUPLICATE_METHOD_MATCH = YES;
				COPY_PHASE_STRIP = NO;
				DEBUG_INFORMATION_FORMAT = dwarf;
				ENABLE_STRICT_OBJC_MSGSEND = YES;
				ENABLE_TESTABILITY = YES;
				ENABLE_USER_SCRIPT_SANDBOXING = YES;
				GCC_C_LANGUAGE_STANDARD = gnu17;
				GCC_DYNAMIC_NO_PIC = NO;
				GCC_NO_COMMON_BLOCKS = YES;
				GCC_OPTIMIZATION_LEVEL = 0;
				GCC_PREPROCESSOR_DEFINITIONS = (
					"DEBUG=1",
					"$(inherited)",
				);
				GCC_WARN_64_TO_32_BIT_CONVERSION = YES;
				GCC_WARN_ABOUT_RETURN_TYPE = YES_ERROR;
				GCC_WARN_UNDECLARED_SELECTOR = YES;
				GCC_WARN_UNINITIALIZED_AUTOS = YES_AGGRESSIVE;
				GCC_WARN_UNUSED_FUNCTION = YES;
				GCC_WARN_UNUSED_VARIABLE = YES;
				IPHONEOS_DEPLOYMENT_TARGET = 17.0;
				MTL_ENABLE_DEBUG_INFO = INCLUDE_SOURCE;
				MTL_FAST_MATH = YES;
				ONLY_ACTIVE_ARCH = YES;
				SDKROOT = iphoneos;
				SWIFT_ACTIVE_COMPILATION_CONDITIONS = "DEBUG $(inherited)";
				SWIFT_OPTIMIZATION_LEVEL = "-Onone";
			};
			name = Debug;
		};
		EE5555555555555555555555 /* Release */ = {
			isa = XCBuildConfiguration;
			buildSettings = {
				ALWAYS_SEARCH_USER_PATHS = NO;
				CLANG_ANALYZER_NONNULL = YES;
				CLANG_ANALYZER_NUMBER_OBJECT_CONVERSION = YES_AGGRESSIVE;
				CLANG_CXX_LANGUAGE_STANDARD = "gnu++20";
				CLANG_ENABLE_MODULES = YES;
				CLANG_ENABLE_OBJC_ARC = YES;
				CLANG_ENABLE_OBJC_WEAK = YES;
				CLANG_WARN_BLOCK_CAPTURE_AUTORELEASING = YES;
				CLANG_WARN_BOOL_CONVERSION = YES;
				CLANG_WARN_COMMA = YES;
				CLANG_WARN_CONSTANT_CONVERSION = YES;
				CLANG_WARN_DEPRECATED_OBJC_IMPLEMENTATIONS = YES;
				CLANG_WARN_DIRECT_OBJC_ISA_USAGE = YES_ERROR;
				CLANG_WARN_DOCUMENTATION_COMMENTS = YES;
				CLANG_WARN_EMPTY_BODY = YES;
				CLANG_WARN_ENUM_CONVERSION = YES;
				CLANG_WARN_INFINITE_RECURSION = YES;
				CLANG_WARN_INT_CONVERSION = YES;
				CLANG_WARN_NON_LITERAL_NULL_CONVERSION = YES;
				CLANG_WARN_OBJC_IMPLICIT_RETAIN_CYCLE = YES;
				CLANG_WARN_OBJC_LITERAL_CONVERSION = YES;
				CLANG_WARN_OBJC_ROOT_CLASS = YES_ERROR;
				CLANG_WARN_QUOTED_INCLUDE_IN_FRAMEWORK_HEADER = YES;
				CLANG_WARN_RANGE_LOOP_ANALYSIS = YES;
				CLANG_WARN_STRICT_PROTOTYPES = YES;
				CLANG_WARN_SUSPICIOUS_MOVE = YES;
				CLANG_WARN_UNGUARDED_AVAILABILITY = YES_AGGRESSIVE;
				CLANG_WARN_UNREACHABLE_CODE = YES;
				CLANG_WARN__DUPLICATE_METHOD_MATCH = YES;
				COPY_PHASE_STRIP = NO;
				DEBUG_INFORMATION_FORMAT = "dwarf-with-dsym";
				ENABLE_NS_ASSERTIONS = NO;
				ENABLE_STRICT_OBJC_MSGSEND = YES;
				ENABLE_USER_SCRIPT_SANDBOXING = YES;
				GCC_C_LANGUAGE_STANDARD = gnu17;
				GCC_NO_COMMON_BLOCKS = YES;
				GCC_WARN_64_TO_32_BIT_CONVERSION = YES;
				GCC_WARN_ABOUT_RETURN_TYPE = YES_ERROR;
				GCC_WARN_UNDECLARED_SELECTOR = YES;
				GCC_WARN_UNINITIALIZED_AUTOS = YES_AGGRESSIVE;
				GCC_WARN_UNUSED_FUNCTION = YES;
				GCC_WARN_UNUSED_VARIABLE = YES;
				IPHONEOS_DEPLOYMENT_TARGET = 17.0;
				MTL_FAST_MATH = YES;
				SDKROOT = iphoneos;
				SWIFT_COMPILATION_MODE = wholemodule;
				VALIDATE_PRODUCT = YES;
			};
			name = Release;
		};
		EE6666666666666666666666 /* Debug */ = {
			isa = XCBuildConfiguration;
			buildSettings = {
				ASSETCATALOG_COMPILER_APPICON_NAME = AppIcon;
				ASSETCATALOG_COMPILER_GLOBAL_ACCENT_COLOR_NAME = AccentColor;
				CODE_SIGN_STYLE = Automatic;
				CURRENT_PROJECT_VERSION = 1;
				DEVELOPMENT_TEAM = "";
				GENERATE_INFOPLIST_FILE = YES;
				INFOPLIST_KEY_UIApplicationSceneManifest_Generation = YES;
				INFOPLIST_KEY_UIApplicationSupportsIndirectInputEvents = YES;
				INFOPLIST_KEY_UILaunchScreen_Generation = YES;
				INFOPLIST_KEY_UISupportedInterfaceOrientations_iPhone = "UIInterfaceOrientationPortrait UIInterfaceOrientationLandscapeLeft UIInterfaceOrientationLandscapeRight";
				LD_RUNPATH_SEARCH_PATHS = (
					"$(inherited)",
					"@executable_path/Frameworks",
				);
				MARKETING_VERSION = 1.0;
				PRODUCT_BUNDLE_IDENTIFIER = "com.nerw.WorkoutApp";
				PRODUCT_NAME = "$(TARGET_NAME)";
				SWIFT_EMIT_LOC_STRINGS = YES;
				SWIFT_VERSION = 5.0;
				TARGETED_DEVICE_FAMILY = 1;
			};
			name = Debug;
		};
		EE7777777777777777777777 /* Release */ = {
			isa = XCBuildConfiguration;
			buildSettings = {
				ASSETCATALOG_COMPILER_APPICON_NAME = AppIcon;
				ASSETCATALOG_COMPILER_GLOBAL_ACCENT_COLOR_NAME = AccentColor;
				CODE_SIGN_STYLE = Automatic;
				CURRENT_PROJECT_VERSION = 1;
				DEVELOPMENT_TEAM = "";
				GENERATE_INFOPLIST_FILE = YES;
				INFOPLIST_KEY_UIApplicationSceneManifest_Generation = YES;
				INFOPLIST_KEY_UIApplicationSupportsIndirectInputEvents = YES;
				INFOPLIST_KEY_UILaunchScreen_Generation = YES;
				INFOPLIST_KEY_UISupportedInterfaceOrientations_iPhone = "UIInterfaceOrientationPortrait UIInterfaceOrientationLandscapeLeft UIInterfaceOrientationLandscapeRight";
				LD_RUNPATH_SEARCH_PATHS = (
					"$(inherited)",
					"@executable_path/Frameworks",
				);
				MARKETING_VERSION = 1.0;
				PRODUCT_BUNDLE_IDENTIFIER = "com.nerw.WorkoutApp";
				PRODUCT_NAME = "$(TARGET_NAME)";
				SWIFT_EMIT_LOC_STRINGS = YES;
				SWIFT_VERSION = 5.0;
				TARGETED_DEVICE_FAMILY = 1;
			};
			name = Release;
		};
		EE8888888888888888888888 /* Debug */ = {
			isa = XCBuildConfiguration;
			buildSettings = {
				BUNDLE_LOADER = "$(TEST_HOST)";
				CODE_SIGN_STYLE = Automatic;
				CURRENT_PROJECT_VERSION = 1;
				DEVELOPMENT_TEAM = "";
				GENERATE_INFOPLIST_FILE = YES;
				MARKETING_VERSION = 1.0;
				PRODUCT_BUNDLE_IDENTIFIER = "com.nerw.WorkoutAppTests";
				PRODUCT_NAME = "$(TARGET_NAME)";
				SWIFT_VERSION = 5.0;
				TARGETED_DEVICE_FAMILY = 1;
				TEST_HOST = "$(BUILT_PRODUCTS_DIR)/WorkoutApp.app/$(BUNDLE_EXECUTABLE_FOLDER_PATH)/WorkoutApp";
			};
			name = Debug;
		};
		EE9999999999999999999999 /* Release */ = {
			isa = XCBuildConfiguration;
			buildSettings = {
				BUNDLE_LOADER = "$(TEST_HOST)";
				CODE_SIGN_STYLE = Automatic;
				CURRENT_PROJECT_VERSION = 1;
				DEVELOPMENT_TEAM = "";
				GENERATE_INFOPLIST_FILE = YES;
				MARKETING_VERSION = 1.0;
				PRODUCT_BUNDLE_IDENTIFIER = "com.nerw.WorkoutAppTests";
				PRODUCT_NAME = "$(TARGET_NAME)";
				SWIFT_VERSION = 5.0;
				TARGETED_DEVICE_FAMILY = 1;
				TEST_HOST = "$(BUILT_PRODUCTS_DIR)/WorkoutApp.app/$(BUNDLE_EXECUTABLE_FOLDER_PATH)/WorkoutApp";
			};
			name = Release;
		};
/* End XCBuildConfiguration section */

/* Begin XCConfigurationList section */
		EE1111111111111111111111 /* Build configuration list for PBXProject "WorkoutApp" */ = {
			isa = XCConfigurationList;
			buildConfigurations = (
				EE4444444444444444444444 /* Debug */,
				EE5555555555555555555555 /* Release */,
			);
			defaultConfigurationIsVisible = 0;
			defaultConfigurationName = Release;
		};
		EE2222222222222222222222 /* Build configuration list for PBXNativeTarget "WorkoutApp" */ = {
			isa = XCConfigurationList;
			buildConfigurations = (
				EE6666666666666666666666 /* Debug */,
				EE7777777777777777777777 /* Release */,
			);
			defaultConfigurationIsVisible = 0;
			defaultConfigurationName = Release;
		};
		EE3333333333333333333333 /* Build configuration list for PBXNativeTarget "WorkoutAppTests" */ = {
			isa = XCConfigurationList;
			buildConfigurations = (
				EE8888888888888888888888 /* Debug */,
				EE9999999999999999999999 /* Release */,
			);
			defaultConfigurationIsVisible = 0;
			defaultConfigurationName = Release;
		};
/* End XCConfigurationList section */

	};
	rootObject = AA1111111111111111111111 /* Project object */;
}
